// !$*UTF8*$!
{
	archiveVersion = 1;
	classes = {
	};
	objectVersion = 56;
	objects = {

/* Begin PBXBuildFile section */
		FE6754192ADEAC9C0079C15E /* AppDelegate.swift in Sources */ = {isa = PBXBuildFile; fileRef = FE6754182ADEAC9C0079C15E /* AppDelegate.swift */; };
		FE67541B2ADEAC9C0079C15E /* SceneDelegate.swift in Sources */ = {isa = PBXBuildFile; fileRef = FE67541A2ADEAC9C0079C15E /* SceneDelegate.swift */; };
		FE67541D2ADEAC9C0079C15E /* RestaurantViewController.swift in Sources */ = {isa = PBXBuildFile; fileRef = FE67541C2ADEAC9C0079C15E /* RestaurantViewController.swift */; };
		FE6754222ADEAC9D0079C15E /* Assets.xcassets in Resources */ = {isa = PBXBuildFile; fileRef = FE6754212ADEAC9D0079C15E /* Assets.xcassets */; };
		FE6754252ADEAC9D0079C15E /* LaunchScreen.storyboard in Resources */ = {isa = PBXBuildFile; fileRef = FE6754232ADEAC9D0079C15E /* LaunchScreen.storyboard */; };
		FE6754302ADEBAB30079C15E /* FakeModel.swift in Sources */ = {isa = PBXBuildFile; fileRef = FE67542F2ADEBAB30079C15E /* FakeModel.swift */; };
		FE9A79A72ADECE5F00946AA7 /* StyledButton.swift in Sources */ = {isa = PBXBuildFile; fileRef = FE9A79A62ADECE5F00946AA7 /* StyledButton.swift */; };
		FE9A79A92ADECF5900946AA7 /* User.swift in Sources */ = {isa = PBXBuildFile; fileRef = FE9A79A82ADECF5900946AA7 /* User.swift */; };
		FE9A79AB2ADECF8700946AA7 /* Reservation.swift in Sources */ = {isa = PBXBuildFile; fileRef = FE9A79AA2ADECF8700946AA7 /* Reservation.swift */; };
		FE9A79AD2ADED3A500946AA7 /* Constants.swift in Sources */ = {isa = PBXBuildFile; fileRef = FE9A79AC2ADED3A500946AA7 /* Constants.swift */; };
		FE9A79AF2ADEE07600946AA7 /* CustomToolbar.swift in Sources */ = {isa = PBXBuildFile; fileRef = FE9A79AE2ADEE07600946AA7 /* CustomToolbar.swift */; };
		FE9A79B12ADEE17000946AA7 /* CustomButton.swift in Sources */ = {isa = PBXBuildFile; fileRef = FE9A79B02ADEE17000946AA7 /* CustomButton.swift */; };
/* End PBXBuildFile section */

/* Begin PBXFileReference section */
		FE6754152ADEAC9C0079C15E /* Table-Reservation App.app */ = {isa = PBXFileReference; explicitFileType = wrapper.application; includeInIndex = 0; path = "Table-Reservation App.app"; sourceTree = BUILT_PRODUCTS_DIR; };
		FE6754182ADEAC9C0079C15E /* AppDelegate.swift */ = {isa = PBXFileReference; lastKnownFileType = sourcecode.swift; path = AppDelegate.swift; sourceTree = "<group>"; };
		FE67541A2ADEAC9C0079C15E /* SceneDelegate.swift */ = {isa = PBXFileReference; lastKnownFileType = sourcecode.swift; path = SceneDelegate.swift; sourceTree = "<group>"; };
		FE67541C2ADEAC9C0079C15E /* RestaurantViewController.swift */ = {isa = PBXFileReference; lastKnownFileType = sourcecode.swift; path = RestaurantViewController.swift; sourceTree = "<group>"; };
		FE6754212ADEAC9D0079C15E /* Assets.xcassets */ = {isa = PBXFileReference; lastKnownFileType = folder.assetcatalog; path = Assets.xcassets; sourceTree = "<group>"; };
		FE6754242ADEAC9D0079C15E /* Base */ = {isa = PBXFileReference; lastKnownFileType = file.storyboard; name = Base; path = Base.lproj/LaunchScreen.storyboard; sourceTree = "<group>"; };
		FE6754262ADEAC9D0079C15E /* Info.plist */ = {isa = PBXFileReference; lastKnownFileType = text.plist.xml; path = Info.plist; sourceTree = "<group>"; };
		FE67542F2ADEBAB30079C15E /* FakeModel.swift */ = {isa = PBXFileReference; lastKnownFileType = sourcecode.swift; path = FakeModel.swift; sourceTree = "<group>"; };
		FE9A79A62ADECE5F00946AA7 /* StyledButton.swift */ = {isa = PBXFileReference; lastKnownFileType = sourcecode.swift; path = StyledButton.swift; sourceTree = "<group>"; };
		FE9A79A82ADECF5900946AA7 /* User.swift */ = {isa = PBXFileReference; lastKnownFileType = sourcecode.swift; path = User.swift; sourceTree = "<group>"; };
		FE9A79AA2ADECF8700946AA7 /* Reservation.swift */ = {isa = PBXFileReference; lastKnownFileType = sourcecode.swift; path = Reservation.swift; sourceTree = "<group>"; };
		FE9A79AC2ADED3A500946AA7 /* Constants.swift */ = {isa = PBXFileReference; lastKnownFileType = sourcecode.swift; path = Constants.swift; sourceTree = "<group>"; };
		FE9A79AE2ADEE07600946AA7 /* CustomToolbar.swift */ = {isa = PBXFileReference; lastKnownFileType = sourcecode.swift; path = CustomToolbar.swift; sourceTree = "<group>"; };
		FE9A79B02ADEE17000946AA7 /* CustomButton.swift */ = {isa = PBXFileReference; lastKnownFileType = sourcecode.swift; path = CustomButton.swift; sourceTree = "<group>"; };
/* End PBXFileReference section */

/* Begin PBXFrameworksBuildPhase section */
		FE6754122ADEAC9C0079C15E /* Frameworks */ = {
			isa = PBXFrameworksBuildPhase;
			buildActionMask = 2147483647;
			files = (
			);
			runOnlyForDeploymentPostprocessing = 0;
		};
/* End PBXFrameworksBuildPhase section */

/* Begin PBXGroup section */
		FE67540C2ADEAC9C0079C15E = {
			isa = PBXGroup;
			children = (
				FE6754172ADEAC9C0079C15E /* Table-Reservation App */,
				FE6754162ADEAC9C0079C15E /* Products */,
			);
			sourceTree = "<group>";
		};
		FE6754162ADEAC9C0079C15E /* Products */ = {
			isa = PBXGroup;
			children = (
				FE6754152ADEAC9C0079C15E /* Table-Reservation App.app */,
			);
			name = Products;
			sourceTree = "<group>";
		};
		FE6754172ADEAC9C0079C15E /* Table-Reservation App */ = {
			isa = PBXGroup;
			children = (
				FE9A79A52ADECE3400946AA7 /* Constants */,
				FE9A79A42ADECE2700946AA7 /* UIElements */,
				FE67542E2ADEB6AC0079C15E /* Model */,
				FE67542D2ADEACCD0079C15E /* View */,
				FE67542C2ADEACB20079C15E /* App */,
				FE6754212ADEAC9D0079C15E /* Assets.xcassets */,
				FE6754232ADEAC9D0079C15E /* LaunchScreen.storyboard */,
				FE6754262ADEAC9D0079C15E /* Info.plist */,
			);
			path = "Table-Reservation App";
			sourceTree = "<group>";
		};
		FE67542C2ADEACB20079C15E /* App */ = {
			isa = PBXGroup;
			children = (
				FE67541A2ADEAC9C0079C15E /* SceneDelegate.swift */,
				FE6754182ADEAC9C0079C15E /* AppDelegate.swift */,
			);
			path = App;
			sourceTree = "<group>";
		};
		FE67542D2ADEACCD0079C15E /* View */ = {
			isa = PBXGroup;
			children = (
				FE67541C2ADEAC9C0079C15E /* RestaurantViewController.swift */,
			);
			path = View;
			sourceTree = "<group>";
		};
		FE67542E2ADEB6AC0079C15E /* Model */ = {
			isa = PBXGroup;
			children = (
				FE67542F2ADEBAB30079C15E /* FakeModel.swift */,
				FE9A79A82ADECF5900946AA7 /* User.swift */,
				FE9A79AA2ADECF8700946AA7 /* Reservation.swift */,
			);
			path = Model;
			sourceTree = "<group>";
		};
		FE9A79A42ADECE2700946AA7 /* UIElements */ = {
			isa = PBXGroup;
			children = (
				FE9A79A62ADECE5F00946AA7 /* StyledButton.swift */,
				FE9A79AE2ADEE07600946AA7 /* CustomToolbar.swift */,
				FE9A79B02ADEE17000946AA7 /* CustomButton.swift */,
			);
			path = UIElements;
			sourceTree = "<group>";
		};
		FE9A79A52ADECE3400946AA7 /* Constants */ = {
			isa = PBXGroup;
			children = (
				FE9A79AC2ADED3A500946AA7 /* Constants.swift */,
			);
			path = Constants;
			sourceTree = "<group>";
		};
/* End PBXGroup section */

/* Begin PBXNativeTarget section */
		FE6754142ADEAC9C0079C15E /* Table-Reservation App */ = {
			isa = PBXNativeTarget;
			buildConfigurationList = FE6754292ADEAC9D0079C15E /* Build configuration list for PBXNativeTarget "Table-Reservation App" */;
			buildPhases = (
				FE6754112ADEAC9C0079C15E /* Sources */,
				FE6754122ADEAC9C0079C15E /* Frameworks */,
				FE6754132ADEAC9C0079C15E /* Resources */,
			);
			buildRules = (
			);
			dependencies = (
			);
			name = "Table-Reservation App";
			productName = "Table-Reservation App";
			productReference = FE6754152ADEAC9C0079C15E /* Table-Reservation App.app */;
			productType = "com.apple.product-type.application";
		};
/* End PBXNativeTarget section */

/* Begin PBXProject section */
		FE67540D2ADEAC9C0079C15E /* Project object */ = {
			isa = PBXProject;
			attributes = {
				BuildIndependentTargetsInParallel = 1;
				LastSwiftUpdateCheck = 1500;
				LastUpgradeCheck = 1500;
				TargetAttributes = {
					FE6754142ADEAC9C0079C15E = {
						CreatedOnToolsVersion = 15.0;
					};
				};
			};
			buildConfigurationList = FE6754102ADEAC9C0079C15E /* Build configuration list for PBXProject "Table-Reservation App" */;
			compatibilityVersion = "Xcode 14.0";
			developmentRegion = en;
			hasScannedForEncodings = 0;
			knownRegions = (
				en,
				Base,
			);
			mainGroup = FE67540C2ADEAC9C0079C15E;
			productRefGroup = FE6754162ADEAC9C0079C15E /* Products */;
			projectDirPath = "";
			projectRoot = "";
			targets = (
				FE6754142ADEAC9C0079C15E /* Table-Reservation App */,
			);
		};
/* End PBXProject section */

/* Begin PBXResourcesBuildPhase section */
		FE6754132ADEAC9C0079C15E /* Resources */ = {
			isa = PBXResourcesBuildPhase;
			buildActionMask = 2147483647;
			files = (
				FE6754252ADEAC9D0079C15E /* LaunchScreen.storyboard in Resources */,
				FE6754222ADEAC9D0079C15E /* Assets.xcassets in Resources */,
			);
			runOnlyForDeploymentPostprocessing = 0;
		};
/* End PBXResourcesBuildPhase section */

/* Begin PBXSourcesBuildPhase section */
		FE6754112ADEAC9C0079C15E /* Sources */ = {
			isa = PBXSourcesBuildPhase;
			buildActionMask = 2147483647;
			files = (
				FE67541D2ADEAC9C0079C15E /* RestaurantViewController.swift in Sources */,
				FE9A79AF2ADEE07600946AA7 /* CustomToolbar.swift in Sources */,
				FE6754192ADEAC9C0079C15E /* AppDelegate.swift in Sources */,
				FE9A79A92ADECF5900946AA7 /* User.swift in Sources */,
				FE9A79B12ADEE17000946AA7 /* CustomButton.swift in Sources */,
				FE9A79A72ADECE5F00946AA7 /* StyledButton.swift in Sources */,
				FE67541B2ADEAC9C0079C15E /* SceneDelegate.swift in Sources */,
				FE9A79AB2ADECF8700946AA7 /* Reservation.swift in Sources */,
				FE6754302ADEBAB30079C15E /* FakeModel.swift in Sources */,
				FE9A79AD2ADED3A500946AA7 /* Constants.swift in Sources */,
			);
			runOnlyForDeploymentPostprocessing = 0;
		};
/* End PBXSourcesBuildPhase section */

/* Begin PBXVariantGroup section */
		FE6754232ADEAC9D0079C15E /* LaunchScreen.storyboard */ = {
			isa = PBXVariantGroup;
			children = (
				FE6754242ADEAC9D0079C15E /* Base */,
			);
			name = LaunchScreen.storyboard;
			sourceTree = "<group>";
		};
/* End PBXVariantGroup section */

/* Begin XCBuildConfiguration section */
		FE6754272ADEAC9D0079C15E /* Debug */ = {
			isa = XCBuildConfiguration;
			buildSettings = {
				ALWAYS_SEARCH_USER_PATHS = NO;
				ASSETCATALOG_COMPILER_GENERATE_SWIFT_ASSET_SYMBOL_EXTENSIONS = YES;
				CLANG_ANALYZER_NONNULL = YES;
				CLANG_ANALYZER_NUMBER_OBJECT_CONVERSION = YES_AGGRESSIVE;
				CLANG_CXX_LANGUAGE_STANDARD = "gnu++20";
				CLANG_ENABLE_MODULES = YES;
				CLANG_ENABLE_OBJC_ARC = YES;
				CLANG_ENABLE_OBJC_WEAK = YES;
				CLANG_WARN_BLOCK_CAPTURE_AUTORELEASING = YES;
				CLANG_WARN_BOOL_CONVERSION = YES;
				CLANG_WARN_COMMA = YES;
				CLANG_WARN_CONSTANT_CONVERSION = YES;
				CLANG_WARN_DEPRECATED_OBJC_IMPLEMENTATIONS = YES;
				CLANG_WARN_DIRECT_OBJC_ISA_USAGE = YES_ERROR;
				CLANG_WARN_DOCUMENTATION_COMMENTS = YES;
				CLANG_WARN_EMPTY_BODY = YES;
				CLANG_WARN_ENUM_CONVERSION = YES;
				CLANG_WARN_INFINITE_RECURSION = YES;
				CLANG_WARN_INT_CONVERSION = YES;
				CLANG_WARN_NON_LITERAL_NULL_CONVERSION = YES;
				CLANG_WARN_OBJC_IMPLICIT_RETAIN_SELF = YES;
				CLANG_WARN_OBJC_LITERAL_CONVERSION = YES;
				CLANG_WARN_OBJC_ROOT_CLASS = YES_ERROR;
				CLANG_WARN_QUOTED_INCLUDE_IN_FRAMEWORK_HEADER = YES;
				CLANG_WARN_RANGE_LOOP_ANALYSIS = YES;
				CLANG_WARN_STRICT_PROTOTYPES = YES;
				CLANG_WARN_SUSPICIOUS_MOVE = YES;
				CLANG_WARN_UNGUARDED_AVAILABILITY = YES_AGGRESSIVE;
				CLANG_WARN_UNREACHABLE_CODE = YES;
				CLANG_WARN__DUPLICATE_METHOD_MATCH = YES;
				COPY_PHASE_STRIP = NO;
				DEBUG_INFORMATION_FORMAT = dwarf;
				ENABLE_STRICT_OBJC_MSGSEND = YES;
				ENABLE_TESTABILITY = YES;
				ENABLE_USER_SCRIPT_SANDBOXING = YES;
				GCC_C_LANGUAGE_STANDARD = gnu17;
				GCC_DYNAMIC_NO_PIC = NO;
				GCC_NO_COMMON_BLOCKS = YES;
				GCC_OPTIMIZATION_LEVEL = 0;
				GCC_PREPROCESSOR_DEFINITIONS = (
					"DEBUG=1",
					"$(inherited)",
				);
				GCC_WARN_64_TO_32_BIT_CONVERSION = YES;
				GCC_WARN_ABOUT_RETURN_TYPE = YES_ERROR;
				GCC_WARN_UNDECLARED_SELECTOR = YES;
				GCC_WARN_UNINITIALIZED_AUTOS = YES_AGGRESSIVE;
				GCC_WARN_UNUSED_FUNCTION = YES;
				GCC_WARN_UNUSED_VARIABLE = YES;
				IPHONEOS_DEPLOYMENT_TARGET = 17.0;
				LOCALIZATION_PREFERS_STRING_CATALOGS = YES;
				MTL_ENABLE_DEBUG_INFO = INCLUDE_SOURCE;
				MTL_FAST_MATH = YES;
				ONLY_ACTIVE_ARCH = YES;
				SDKROOT = iphoneos;
				SWIFT_ACTIVE_COMPILATION_CONDITIONS = "DEBUG $(inherited)";
				SWIFT_OPTIMIZATION_LEVEL = "-Onone";
			};
			name = Debug;
		};
		FE6754282ADEAC9D0079C15E /* Release */ = {
			isa = XCBuildConfiguration;
			buildSettings = {
				ALWAYS_SEARCH_USER_PATHS = NO;
				ASSETCATALOG_COMPILER_GENERATE_SWIFT_ASSET_SYMBOL_EXTENSIONS = YES;
				CLANG_ANALYZER_NONNULL = YES;
				CLANG_ANALYZER_NUMBER_OBJECT_CONVERSION = YES_AGGRESSIVE;
				CLANG_CXX_LANGUAGE_STANDARD = "gnu++20";
				CLANG_ENABLE_MODULES = YES;
				CLANG_ENABLE_OBJC_ARC = YES;
				CLANG_ENABLE_OBJC_WEAK = YES;
				CLANG_WARN_BLOCK_CAPTURE_AUTORELEASING = YES;
				CLANG_WARN_BOOL_CONVERSION = YES;
				CLANG_WARN_COMMA = YES;
				CLANG_WARN_CONSTANT_CONVERSION = YES;
				CLANG_WARN_DEPRECATED_OBJC_IMPLEMENTATIONS = YES;
				CLANG_WARN_DIRECT_OBJC_ISA_USAGE = YES_ERROR;
				CLANG_WARN_DOCUMENTATION_COMMENTS = YES;
				CLANG_WARN_EMPTY_BODY = YES;
				CLANG_WARN_ENUM_CONVERSION = YES;
				CLANG_WARN_INFINITE_RECURSION = YES;
				CLANG_WARN_INT_CONVERSION = YES;
				CLANG_WARN_NON_LITERAL_NULL_CONVERSION = YES;
				CLANG_WARN_OBJC_IMPLICIT_RETAIN_SELF = YES;
				CLANG_WARN_OBJC_LITERAL_CONVERSION = YES;
				CLANG_WARN_OBJC_ROOT_CLASS = YES_ERROR;
				CLANG_WARN_QUOTED_INCLUDE_IN_FRAMEWORK_HEADER = YES;
				CLANG_WARN_RANGE_LOOP_ANALYSIS = YES;
				CLANG_WARN_STRICT_PROTOTYPES = YES;
				CLANG_WARN_SUSPICIOUS_MOVE = YES;
				CLANG_WARN_UNGUARDED_AVAILABILITY = YES_AGGRESSIVE;
				CLANG_WARN_UNREACHABLE_CODE = YES;
				CLANG_WARN__DUPLICATE_METHOD_MATCH = YES;
				COPY_PHASE_STRIP = NO;
				DEBUG_INFORMATION_FORMAT = "dwarf-with-dsym";
				ENABLE_NS_ASSERTIONS = NO;
				ENABLE_STRICT_OBJC_MSGSEND = YES;
				ENABLE_USER_SCRIPT_SANDBOXING = YES;
				GCC_C_LANGUAGE_STANDARD = gnu17;
				GCC_NO_COMMON_BLOCKS = YES;
				GCC_WARN_64_TO_32_BIT_CONVERSION = YES;
				GCC_WARN_ABOUT_RETURN_TYPE = YES_ERROR;
				GCC_WARN_UNDECLARED_SELECTOR = YES;
				GCC_WARN_UNINITIALIZED_AUTOS = YES_AGGRESSIVE;
				GCC_WARN_UNUSED_FUNCTION = YES;
				GCC_WARN_UNUSED_VARIABLE = YES;
				IPHONEOS_DEPLOYMENT_TARGET = 17.0;
				LOCALIZATION_PREFERS_STRING_CATALOGS = YES;
				MTL_ENABLE_DEBUG_INFO = NO;
				MTL_FAST_MATH = YES;
				SDKROOT = iphoneos;
				SWIFT_COMPILATION_MODE = wholemodule;
				VALIDATE_PRODUCT = YES;
			};
			name = Release;
		};
		FE67542A2ADEAC9D0079C15E /* Debug */ = {
			isa = XCBuildConfiguration;
			buildSettings = {
				ASSETCATALOG_COMPILER_APPICON_NAME = AppIcon;
				ASSETCATALOG_COMPILER_GLOBAL_ACCENT_COLOR_NAME = AccentColor;
				CODE_SIGN_STYLE = Automatic;
				CURRENT_PROJECT_VERSION = 1;
				GENERATE_INFOPLIST_FILE = YES;
				INFOPLIST_FILE = "Table-Reservation App/Info.plist";
				INFOPLIST_KEY_UIApplicationSupportsIndirectInputEvents = YES;
				INFOPLIST_KEY_UILaunchStoryboardName = LaunchScreen;
				INFOPLIST_KEY_UISupportedInterfaceOrientations_iPad = "UIInterfaceOrientationPortrait UIInterfaceOrientationPortraitUpsideDown UIInterfaceOrientationLandscapeLeft UIInterfaceOrientationLandscapeRight";
				INFOPLIST_KEY_UISupportedInterfaceOrientations_iPhone = "UIInterfaceOrientationPortrait UIInterfaceOrientationLandscapeLeft UIInterfaceOrientationLandscapeRight";
				LD_RUNPATH_SEARCH_PATHS = (
					"$(inherited)",
					"@executable_path/Frameworks",
				);
				MARKETING_VERSION = 1.0;
				PRODUCT_BUNDLE_IDENTIFIER = "tatiana.simmer.Table-Reservation-App";
				PRODUCT_NAME = "$(TARGET_NAME)";
				SWIFT_EMIT_LOC_STRINGS = YES;
				SWIFT_VERSION = 5.0;
				TARGETED_DEVICE_FAMILY = "1,2";
			};
			name = Debug;
		};
		FE67542B2ADEAC9D0079C15E /* Release */ = {
			isa = XCBuildConfiguration;
			buildSettings = {
				ASSETCATALOG_COMPILER_APPICON_NAME = AppIcon;
				ASSETCATALOG_COMPILER_GLOBAL_ACCENT_COLOR_NAME = AccentColor;
				CODE_SIGN_STYLE = Automatic;
				CURRENT_PROJECT_VERSION = 1;
				GENERATE_INFOPLIST_FILE = YES;
				INFOPLIST_FILE = "Table-Reservation App/Info.plist";
				INFOPLIST_KEY_UIApplicationSupportsIndirectInputEvents = YES;
				INFOPLIST_KEY_UILaunchStoryboardName = LaunchScreen;
				INFOPLIST_KEY_UISupportedInterfaceOrientations_iPad = "UIInterfaceOrientationPortrait UIInterfaceOrientationPortraitUpsideDown UIInterfaceOrientationLandscapeLeft UIInterfaceOrientationLandscapeRight";
				INFOPLIST_KEY_UISupportedInterfaceOrientations_iPhone = "UIInterfaceOrientationPortrait UIInterfaceOrientationLandscapeLeft UIInterfaceOrientationLandscapeRight";
				LD_RUNPATH_SEARCH_PATHS = (
					"$(inherited)",
					"@executable_path/Frameworks",
				);
				MARKETING_VERSION = 1.0;
				PRODUCT_BUNDLE_IDENTIFIER = "tatiana.simmer.Table-Reservation-App";
				PRODUCT_NAME = "$(TARGET_NAME)";
				SWIFT_EMIT_LOC_STRINGS = YES;
				SWIFT_VERSION = 5.0;
				TARGETED_DEVICE_FAMILY = "1,2";
			};
			name = Release;
		};
/* End XCBuildConfiguration section */

/* Begin XCConfigurationList section */
		FE6754102ADEAC9C0079C15E /* Build configuration list for PBXProject "Table-Reservation App" */ = {
			isa = XCConfigurationList;
			buildConfigurations = (
				FE6754272ADEAC9D0079C15E /* Debug */,
				FE6754282ADEAC9D0079C15E /* Release */,
			);
			defaultConfigurationIsVisible = 0;
			defaultConfigurationName = Release;
		};
		FE6754292ADEAC9D0079C15E /* Build configuration list for PBXNativeTarget "Table-Reservation App" */ = {
			isa = XCConfigurationList;
			buildConfigurations = (
				FE67542A2ADEAC9D0079C15E /* Debug */,
				FE67542B2ADEAC9D0079C15E /* Release */,
			);
			defaultConfigurationIsVisible = 0;
			defaultConfigurationName = Release;
		};
/* End XCConfigurationList section */
	};
	rootObject = FE67540D2ADEAC9C0079C15E /* Project object */;
}
