// !$*UTF8*$!
{
	archiveVersion = 1;
	classes = {
	};
	objectVersion = 56;
	objects = {

/* Begin PBXBuildFile section */
		7B0CE8652AE2847900B2736D /* HomeViewController.swift in Sources */ = {isa = PBXBuildFile; fileRef = 7B0CE8642AE2847900B2736D /* HomeViewController.swift */; };
		7B0CE8682AE2A5D100B2736D /* ExtensionLoginViewController.swift in Sources */ = {isa = PBXBuildFile; fileRef = 7B0CE8672AE2A5D100B2736D /* ExtensionLoginViewController.swift */; };
		FE6754192ADEAC9C0079C15E /* AppDelegate.swift in Sources */ = {isa = PBXBuildFile; fileRef = FE6754182ADEAC9C0079C15E /* AppDelegate.swift */; };
		FE67541B2ADEAC9C0079C15E /* SceneDelegate.swift in Sources */ = {isa = PBXBuildFile; fileRef = FE67541A2ADEAC9C0079C15E /* SceneDelegate.swift */; };
		FE6754222ADEAC9D0079C15E /* Assets.xcassets in Resources */ = {isa = PBXBuildFile; fileRef = FE6754212ADEAC9D0079C15E /* Assets.xcassets */; };
		FE6754252ADEAC9D0079C15E /* LaunchScreen.storyboard in Resources */ = {isa = PBXBuildFile; fileRef = FE6754232ADEAC9D0079C15E /* LaunchScreen.storyboard */; };
		FE8135D32B1A2A8B007D91A6 /* RoundStepper.swift in Sources */ = {isa = PBXBuildFile; fileRef = FE8135D22B1A2A8B007D91A6 /* RoundStepper.swift */; };
		FE8135D52B1A2FA0007D91A6 /* Color.swift in Sources */ = {isa = PBXBuildFile; fileRef = FE8135D42B1A2FA0007D91A6 /* Color.swift */; };
		FE89377E2AF3F479001FDD6F /* ExtensionHomeViewController.swift in Sources */ = {isa = PBXBuildFile; fileRef = FE89377D2AF3F479001FDD6F /* ExtensionHomeViewController.swift */; };
		FE8937802AF41501001FDD6F /* SignUpPresenter.swift in Sources */ = {isa = PBXBuildFile; fileRef = FE89377F2AF41501001FDD6F /* SignUpPresenter.swift */; };
		FE8937822AF41542001FDD6F /* SignUpModel.swift in Sources */ = {isa = PBXBuildFile; fileRef = FE8937812AF41542001FDD6F /* SignUpModel.swift */; };
		FE8F2B3A2AF4F25B00438ACA /* KeychainHelper.swift in Sources */ = {isa = PBXBuildFile; fileRef = FE8F2B392AF4F25B00438ACA /* KeychainHelper.swift */; };
		FE8F2B3D2AF53BCE00438ACA /* Security.framework in Frameworks */ = {isa = PBXBuildFile; fileRef = FE8F2B3C2AF53BCE00438ACA /* Security.framework */; };
		FE8F2B412AFA2D6B00438ACA /* HomePresenter.swift in Sources */ = {isa = PBXBuildFile; fileRef = FE8F2B402AFA2D6B00438ACA /* HomePresenter.swift */; };
		FE8F2B432AFAA27300438ACA /* ErrorMessage.swift in Sources */ = {isa = PBXBuildFile; fileRef = FE8F2B422AFAA27300438ACA /* ErrorMessage.swift */; };
		FE8F4CF72AFBDB4D0030DF41 /* UserViewControllerExtensions.swift in Sources */ = {isa = PBXBuildFile; fileRef = FE8F4CF62AFBDB4D0030DF41 /* UserViewControllerExtensions.swift */; };
		FE9A79A72ADECE5F00946AA7 /* StyledButton.swift in Sources */ = {isa = PBXBuildFile; fileRef = FE9A79A62ADECE5F00946AA7 /* StyledButton.swift */; };
		FE9A79A92ADECF5900946AA7 /* UserModel.swift in Sources */ = {isa = PBXBuildFile; fileRef = FE9A79A82ADECF5900946AA7 /* UserModel.swift */; };
		FE9A79B92AE12A5D00946AA7 /* LoginViewController.swift in Sources */ = {isa = PBXBuildFile; fileRef = FE9A79B82AE12A5D00946AA7 /* LoginViewController.swift */; };
		FE9A79BB2AE12A7C00946AA7 /* LoginPresenter.swift in Sources */ = {isa = PBXBuildFile; fileRef = FE9A79BA2AE12A7C00946AA7 /* LoginPresenter.swift */; };
		FE9A79BD2AE12DAF00946AA7 /* LoginModel.swift in Sources */ = {isa = PBXBuildFile; fileRef = FE9A79BC2AE12DAF00946AA7 /* LoginModel.swift */; };
		FE9A79BF2AE12DF800946AA7 /* UserProfileViewController.swift in Sources */ = {isa = PBXBuildFile; fileRef = FE9A79BE2AE12DF800946AA7 /* UserProfileViewController.swift */; };
		FE9A79C12AE12E1500946AA7 /* UserPresenter.swift in Sources */ = {isa = PBXBuildFile; fileRef = FE9A79C02AE12E1500946AA7 /* UserPresenter.swift */; };
		FEEBEBC62AF3D84700BA226E /* StyledTextField.swift in Sources */ = {isa = PBXBuildFile; fileRef = FEEBEBC52AF3D84700BA226E /* StyledTextField.swift */; };
		FEEBEBC92AF3E43800BA226E /* SignUpViewController.swift in Sources */ = {isa = PBXBuildFile; fileRef = FEEBEBC82AF3E43800BA226E /* SignUpViewController.swift */; };
		FEEBEBCC2AF3E5C000BA226E /* ExtensionSignUpViewController.swift in Sources */ = {isa = PBXBuildFile; fileRef = FEEBEBCB2AF3E5C000BA226E /* ExtensionSignUpViewController.swift */; };
/* End PBXBuildFile section */

/* Begin PBXFileReference section */
		7B0CE8642AE2847900B2736D /* HomeViewController.swift */ = {isa = PBXFileReference; lastKnownFileType = sourcecode.swift; path = HomeViewController.swift; sourceTree = "<group>"; };
		7B0CE8672AE2A5D100B2736D /* ExtensionLoginViewController.swift */ = {isa = PBXFileReference; lastKnownFileType = sourcecode.swift; path = ExtensionLoginViewController.swift; sourceTree = "<group>"; };
		FE6754152ADEAC9C0079C15E /* Table-Reservation App.app */ = {isa = PBXFileReference; explicitFileType = wrapper.application; includeInIndex = 0; path = "Table-Reservation App.app"; sourceTree = BUILT_PRODUCTS_DIR; };
		FE6754182ADEAC9C0079C15E /* AppDelegate.swift */ = {isa = PBXFileReference; lastKnownFileType = sourcecode.swift; path = AppDelegate.swift; sourceTree = "<group>"; };
		FE67541A2ADEAC9C0079C15E /* SceneDelegate.swift */ = {isa = PBXFileReference; lastKnownFileType = sourcecode.swift; path = SceneDelegate.swift; sourceTree = "<group>"; };
		FE6754212ADEAC9D0079C15E /* Assets.xcassets */ = {isa = PBXFileReference; lastKnownFileType = folder.assetcatalog; path = Assets.xcassets; sourceTree = "<group>"; };
		FE6754242ADEAC9D0079C15E /* Base */ = {isa = PBXFileReference; lastKnownFileType = file.storyboard; name = Base; path = Base.lproj/LaunchScreen.storyboard; sourceTree = "<group>"; };
		FE6754262ADEAC9D0079C15E /* Info.plist */ = {isa = PBXFileReference; lastKnownFileType = text.plist.xml; path = Info.plist; sourceTree = "<group>"; };
		FE8135D22B1A2A8B007D91A6 /* RoundStepper.swift */ = {isa = PBXFileReference; lastKnownFileType = sourcecode.swift; path = RoundStepper.swift; sourceTree = "<group>"; };
		FE8135D42B1A2FA0007D91A6 /* Color.swift */ = {isa = PBXFileReference; lastKnownFileType = sourcecode.swift; path = Color.swift; sourceTree = "<group>"; };
		FE89377D2AF3F479001FDD6F /* ExtensionHomeViewController.swift */ = {isa = PBXFileReference; lastKnownFileType = sourcecode.swift; path = ExtensionHomeViewController.swift; sourceTree = "<group>"; };
		FE89377F2AF41501001FDD6F /* SignUpPresenter.swift */ = {isa = PBXFileReference; lastKnownFileType = sourcecode.swift; path = SignUpPresenter.swift; sourceTree = "<group>"; };
		FE8937812AF41542001FDD6F /* SignUpModel.swift */ = {isa = PBXFileReference; lastKnownFileType = sourcecode.swift; path = SignUpModel.swift; sourceTree = "<group>"; };
		FE8F2B392AF4F25B00438ACA /* KeychainHelper.swift */ = {isa = PBXFileReference; lastKnownFileType = sourcecode.swift; path = KeychainHelper.swift; sourceTree = "<group>"; };
		FE8F2B3C2AF53BCE00438ACA /* Security.framework */ = {isa = PBXFileReference; lastKnownFileType = wrapper.framework; name = Security.framework; path = System/Library/Frameworks/Security.framework; sourceTree = SDKROOT; };
		FE8F2B402AFA2D6B00438ACA /* HomePresenter.swift */ = {isa = PBXFileReference; lastKnownFileType = sourcecode.swift; path = HomePresenter.swift; sourceTree = "<group>"; };
		FE8F2B422AFAA27300438ACA /* ErrorMessage.swift */ = {isa = PBXFileReference; lastKnownFileType = sourcecode.swift; path = ErrorMessage.swift; sourceTree = "<group>"; };
		FE8F4CF62AFBDB4D0030DF41 /* UserViewControllerExtensions.swift */ = {isa = PBXFileReference; lastKnownFileType = sourcecode.swift; path = UserViewControllerExtensions.swift; sourceTree = "<group>"; };
		FE9A79A62ADECE5F00946AA7 /* StyledButton.swift */ = {isa = PBXFileReference; lastKnownFileType = sourcecode.swift; path = StyledButton.swift; sourceTree = "<group>"; };
		FE9A79A82ADECF5900946AA7 /* UserModel.swift */ = {isa = PBXFileReference; lastKnownFileType = sourcecode.swift; path = UserModel.swift; sourceTree = "<group>"; };
		FE9A79B82AE12A5D00946AA7 /* LoginViewController.swift */ = {isa = PBXFileReference; lastKnownFileType = sourcecode.swift; path = LoginViewController.swift; sourceTree = "<group>"; };
		FE9A79BA2AE12A7C00946AA7 /* LoginPresenter.swift */ = {isa = PBXFileReference; lastKnownFileType = sourcecode.swift; path = LoginPresenter.swift; sourceTree = "<group>"; };
		FE9A79BC2AE12DAF00946AA7 /* LoginModel.swift */ = {isa = PBXFileReference; lastKnownFileType = sourcecode.swift; path = LoginModel.swift; sourceTree = "<group>"; };
		FE9A79BE2AE12DF800946AA7 /* UserProfileViewController.swift */ = {isa = PBXFileReference; lastKnownFileType = sourcecode.swift; path = UserProfileViewController.swift; sourceTree = "<group>"; };
		FE9A79C02AE12E1500946AA7 /* UserPresenter.swift */ = {isa = PBXFileReference; lastKnownFileType = sourcecode.swift; path = UserPresenter.swift; sourceTree = "<group>"; };
		FEEBEBC52AF3D84700BA226E /* StyledTextField.swift */ = {isa = PBXFileReference; lastKnownFileType = sourcecode.swift; path = StyledTextField.swift; sourceTree = "<group>"; };
		FEEBEBC82AF3E43800BA226E /* SignUpViewController.swift */ = {isa = PBXFileReference; lastKnownFileType = sourcecode.swift; path = SignUpViewController.swift; sourceTree = "<group>"; };
		FEEBEBCB2AF3E5C000BA226E /* ExtensionSignUpViewController.swift */ = {isa = PBXFileReference; lastKnownFileType = sourcecode.swift; path = ExtensionSignUpViewController.swift; sourceTree = "<group>"; };
/* End PBXFileReference section */

/* Begin PBXFrameworksBuildPhase section */
		FE6754122ADEAC9C0079C15E /* Frameworks */ = {
			isa = PBXFrameworksBuildPhase;
			buildActionMask = 2147483647;
			files = (
				FE8F2B3D2AF53BCE00438ACA /* Security.framework in Frameworks */,
			);
			runOnlyForDeploymentPostprocessing = 0;
		};
/* End PBXFrameworksBuildPhase section */

/* Begin PBXGroup section */
		7B0CE8662AE2A5AE00B2736D /* Extensions */ = {
			isa = PBXGroup;
			children = (
				7B0CE8672AE2A5D100B2736D /* ExtensionLoginViewController.swift */,
			);
			path = Extensions;
			sourceTree = "<group>";
		};
		FE67540C2ADEAC9C0079C15E = {
			isa = PBXGroup;
			children = (
				FE6754172ADEAC9C0079C15E /* Table-Reservation App */,
				FE6754162ADEAC9C0079C15E /* Products */,
				FE8F2B3B2AF53BCD00438ACA /* Frameworks */,
			);
			sourceTree = "<group>";
		};
		FE6754162ADEAC9C0079C15E /* Products */ = {
			isa = PBXGroup;
			children = (
				FE6754152ADEAC9C0079C15E /* Table-Reservation App.app */,
			);
			name = Products;
			sourceTree = "<group>";
		};
		FE6754172ADEAC9C0079C15E /* Table-Reservation App */ = {
			isa = PBXGroup;
			children = (
				FE8F2B382AF4F21300438ACA /* Security */,
				FEEBEBC72AF3E41800BA226E /* Signup */,
				FEEBEBC42AF281AF00BA226E /* Home */,
				FE67542D2ADEACCD0079C15E /* Login */,
				FE67542E2ADEB6AC0079C15E /* User */,
				FE9A79A42ADECE2700946AA7 /* UIElements */,
				FE67542C2ADEACB20079C15E /* App */,
				FE6754212ADEAC9D0079C15E /* Assets.xcassets */,
				FE6754232ADEAC9D0079C15E /* LaunchScreen.storyboard */,
				FE6754262ADEAC9D0079C15E /* Info.plist */,
			);
			path = "Table-Reservation App";
			sourceTree = "<group>";
		};
		FE67542C2ADEACB20079C15E /* App */ = {
			isa = PBXGroup;
			children = (
				FE67541A2ADEAC9C0079C15E /* SceneDelegate.swift */,
				FE6754182ADEAC9C0079C15E /* AppDelegate.swift */,
			);
			path = App;
			sourceTree = "<group>";
		};
		FE67542D2ADEACCD0079C15E /* Login */ = {
			isa = PBXGroup;
			children = (
				FE9A79B82AE12A5D00946AA7 /* LoginViewController.swift */,
				FE9A79BA2AE12A7C00946AA7 /* LoginPresenter.swift */,
				FE9A79BC2AE12DAF00946AA7 /* LoginModel.swift */,
				7B0CE8662AE2A5AE00B2736D /* Extensions */,
			);
			path = Login;
			sourceTree = "<group>";
		};
		FE67542E2ADEB6AC0079C15E /* User */ = {
			isa = PBXGroup;
			children = (
				FE9A79BE2AE12DF800946AA7 /* UserProfileViewController.swift */,
				FE9A79C02AE12E1500946AA7 /* UserPresenter.swift */,
				FE9A79A82ADECF5900946AA7 /* UserModel.swift */,
				FE8F4CF52AFBDB1F0030DF41 /* Extensions */,
			);
			path = User;
			sourceTree = "<group>";
		};
		FE89377C2AF3F44F001FDD6F /* Extensions */ = {
			isa = PBXGroup;
			children = (
				FE89377D2AF3F479001FDD6F /* ExtensionHomeViewController.swift */,
				FE8F2B422AFAA27300438ACA /* ErrorMessage.swift */,
				FE8135D22B1A2A8B007D91A6 /* RoundStepper.swift */,
				FE8135D42B1A2FA0007D91A6 /* Color.swift */,
			);
			path = Extensions;
			sourceTree = "<group>";
		};
		FE8F2B382AF4F21300438ACA /* Security */ = {
			isa = PBXGroup;
			children = (
				FE8F2B392AF4F25B00438ACA /* KeychainHelper.swift */,
			);
			path = Security;
			sourceTree = "<group>";
		};
		FE8F2B3B2AF53BCD00438ACA /* Frameworks */ = {
			isa = PBXGroup;
			children = (
				FE8F2B3C2AF53BCE00438ACA /* Security.framework */,
			);
			name = Frameworks;
			sourceTree = "<group>";
		};
		FE8F4CF52AFBDB1F0030DF41 /* Extensions */ = {
			isa = PBXGroup;
			children = (
				FE8F4CF62AFBDB4D0030DF41 /* UserViewControllerExtensions.swift */,
			);
			path = Extensions;
			sourceTree = "<group>";
		};
		FE9A79A42ADECE2700946AA7 /* UIElements */ = {
			isa = PBXGroup;
			children = (
				FE9A79A62ADECE5F00946AA7 /* StyledButton.swift */,
				FEEBEBC52AF3D84700BA226E /* StyledTextField.swift */,
			);
			path = UIElements;
			sourceTree = "<group>";
		};
		FEEBEBC42AF281AF00BA226E /* Home */ = {
			isa = PBXGroup;
			children = (
				7B0CE8642AE2847900B2736D /* HomeViewController.swift */,
				FE8F2B402AFA2D6B00438ACA /* HomePresenter.swift */,
				FE89377C2AF3F44F001FDD6F /* Extensions */,
			);
			path = Home;
			sourceTree = "<group>";
		};
		FEEBEBC72AF3E41800BA226E /* Signup */ = {
			isa = PBXGroup;
			children = (
				FEEBEBC82AF3E43800BA226E /* SignUpViewController.swift */,
				FE89377F2AF41501001FDD6F /* SignUpPresenter.swift */,
				FE8937812AF41542001FDD6F /* SignUpModel.swift */,
				FEEBEBCA2AF3E59400BA226E /* Extensions */,
			);
			path = Signup;
			sourceTree = "<group>";
		};
		FEEBEBCA2AF3E59400BA226E /* Extensions */ = {
			isa = PBXGroup;
			children = (
				FEEBEBCB2AF3E5C000BA226E /* ExtensionSignUpViewController.swift */,
			);
			path = Extensions;
			sourceTree = "<group>";
		};
/* End PBXGroup section */

/* Begin PBXNativeTarget section */
		FE6754142ADEAC9C0079C15E /* Table-Reservation App */ = {
			isa = PBXNativeTarget;
			buildConfigurationList = FE6754292ADEAC9D0079C15E /* Build configuration list for PBXNativeTarget "Table-Reservation App" */;
			buildPhases = (
				FE6754112ADEAC9C0079C15E /* Sources */,
				FE6754122ADEAC9C0079C15E /* Frameworks */,
				FE6754132ADEAC9C0079C15E /* Resources */,
			);
			buildRules = (
			);
			dependencies = (
			);
			name = "Table-Reservation App";
			productName = "Table-Reservation App";
			productReference = FE6754152ADEAC9C0079C15E /* Table-Reservation App.app */;
			productType = "com.apple.product-type.application";
		};
/* End PBXNativeTarget section */

/* Begin PBXProject section */
		FE67540D2ADEAC9C0079C15E /* Project object */ = {
			isa = PBXProject;
			attributes = {
				BuildIndependentTargetsInParallel = 1;
				LastSwiftUpdateCheck = 1500;
				LastUpgradeCheck = 1500;
				TargetAttributes = {
					FE6754142ADEAC9C0079C15E = {
						CreatedOnToolsVersion = 15.0;
					};
				};
			};
			buildConfigurationList = FE6754102ADEAC9C0079C15E /* Build configuration list for PBXProject "Table-Reservation App" */;
			compatibilityVersion = "Xcode 14.0";
			developmentRegion = en;
			hasScannedForEncodings = 0;
			knownRegions = (
				en,
				Base,
			);
			mainGroup = FE67540C2ADEAC9C0079C15E;
			productRefGroup = FE6754162ADEAC9C0079C15E /* Products */;
			projectDirPath = "";
			projectRoot = "";
			targets = (
				FE6754142ADEAC9C0079C15E /* Table-Reservation App */,
			);
		};
/* End PBXProject section */

/* Begin PBXResourcesBuildPhase section */
		FE6754132ADEAC9C0079C15E /* Resources */ = {
			isa = PBXResourcesBuildPhase;
			buildActionMask = 2147483647;
			files = (
				FE6754252ADEAC9D0079C15E /* LaunchScreen.storyboard in Resources */,
				FE6754222ADEAC9D0079C15E /* Assets.xcassets in Resources */,
			);
			runOnlyForDeploymentPostprocessing = 0;
		};
/* End PBXResourcesBuildPhase section */

/* Begin PBXSourcesBuildPhase section */
		FE6754112ADEAC9C0079C15E /* Sources */ = {
			isa = PBXSourcesBuildPhase;
			buildActionMask = 2147483647;
			files = (
				FE9A79BB2AE12A7C00946AA7 /* LoginPresenter.swift in Sources */,
				FE9A79C12AE12E1500946AA7 /* UserPresenter.swift in Sources */,
				FE8135D52B1A2FA0007D91A6 /* Color.swift in Sources */,
				FE8937822AF41542001FDD6F /* SignUpModel.swift in Sources */,
				FE8F2B3A2AF4F25B00438ACA /* KeychainHelper.swift in Sources */,
				FE8135D32B1A2A8B007D91A6 /* RoundStepper.swift in Sources */,
				FE6754192ADEAC9C0079C15E /* AppDelegate.swift in Sources */,
				FE9A79A92ADECF5900946AA7 /* UserModel.swift in Sources */,
				FE9A79A72ADECE5F00946AA7 /* StyledButton.swift in Sources */,
				FE89377E2AF3F479001FDD6F /* ExtensionHomeViewController.swift in Sources */,
				FE8F2B432AFAA27300438ACA /* ErrorMessage.swift in Sources */,
				FE9A79BD2AE12DAF00946AA7 /* LoginModel.swift in Sources */,
				FE9A79BF2AE12DF800946AA7 /* UserProfileViewController.swift in Sources */,
				7B0CE8652AE2847900B2736D /* HomeViewController.swift in Sources */,
				FE67541B2ADEAC9C0079C15E /* SceneDelegate.swift in Sources */,
				7B0CE8682AE2A5D100B2736D /* ExtensionLoginViewController.swift in Sources */,
				FEEBEBC62AF3D84700BA226E /* StyledTextField.swift in Sources */,
				FE8F2B412AFA2D6B00438ACA /* HomePresenter.swift in Sources */,
				FEEBEBC92AF3E43800BA226E /* SignUpViewController.swift in Sources */,
				FE9A79B92AE12A5D00946AA7 /* LoginViewController.swift in Sources */,
				FE8F4CF72AFBDB4D0030DF41 /* UserViewControllerExtensions.swift in Sources */,
				FE8937802AF41501001FDD6F /* SignUpPresenter.swift in Sources */,
				FEEBEBCC2AF3E5C000BA226E /* ExtensionSignUpViewController.swift in Sources */,
			);
			runOnlyForDeploymentPostprocessing = 0;
		};
/* End PBXSourcesBuildPhase section */

/* Begin PBXVariantGroup section */
		FE6754232ADEAC9D0079C15E /* LaunchScreen.storyboard */ = {
			isa = PBXVariantGroup;
			children = (
				FE6754242ADEAC9D0079C15E /* Base */,
			);
			name = LaunchScreen.storyboard;
			sourceTree = "<group>";
		};
/* End PBXVariantGroup section */

/* Begin XCBuildConfiguration section */
		FE6754272ADEAC9D0079C15E /* Debug */ = {
			isa = XCBuildConfiguration;
			buildSettings = {
				ALWAYS_SEARCH_USER_PATHS = NO;
				ASSETCATALOG_COMPILER_GENERATE_SWIFT_ASSET_SYMBOL_EXTENSIONS = YES;
				CLANG_ANALYZER_NONNULL = YES;
				CLANG_ANALYZER_NUMBER_OBJECT_CONVERSION = YES_AGGRESSIVE;
				CLANG_CXX_LANGUAGE_STANDARD = "gnu++20";
				CLANG_ENABLE_MODULES = YES;
				CLANG_ENABLE_OBJC_ARC = YES;
				CLANG_ENABLE_OBJC_WEAK = YES;
				CLANG_WARN_BLOCK_CAPTURE_AUTORELEASING = YES;
				CLANG_WARN_BOOL_CONVERSION = YES;
				CLANG_WARN_COMMA = YES;
				CLANG_WARN_CONSTANT_CONVERSION = YES;
				CLANG_WARN_DEPRECATED_OBJC_IMPLEMENTATIONS = YES;
				CLANG_WARN_DIRECT_OBJC_ISA_USAGE = YES_ERROR;
				CLANG_WARN_DOCUMENTATION_COMMENTS = YES;
				CLANG_WARN_EMPTY_BODY = YES;
				CLANG_WARN_ENUM_CONVERSION = YES;
				CLANG_WARN_INFINITE_RECURSION = YES;
				CLANG_WARN_INT_CONVERSION = YES;
				CLANG_WARN_NON_LITERAL_NULL_CONVERSION = YES;
				CLANG_WARN_OBJC_IMPLICIT_RETAIN_SELF = YES;
				CLANG_WARN_OBJC_LITERAL_CONVERSION = YES;
				CLANG_WARN_OBJC_ROOT_CLASS = YES_ERROR;
				CLANG_WARN_QUOTED_INCLUDE_IN_FRAMEWORK_HEADER = YES;
				CLANG_WARN_RANGE_LOOP_ANALYSIS = YES;
				CLANG_WARN_STRICT_PROTOTYPES = YES;
				CLANG_WARN_SUSPICIOUS_MOVE = YES;
				CLANG_WARN_UNGUARDED_AVAILABILITY = YES_AGGRESSIVE;
				CLANG_WARN_UNREACHABLE_CODE = YES;
				CLANG_WARN__DUPLICATE_METHOD_MATCH = YES;
				COPY_PHASE_STRIP = NO;
				DEBUG_INFORMATION_FORMAT = dwarf;
				ENABLE_STRICT_OBJC_MSGSEND = YES;
				ENABLE_TESTABILITY = YES;
				ENABLE_USER_SCRIPT_SANDBOXING = YES;
				GCC_C_LANGUAGE_STANDARD = gnu17;
				GCC_DYNAMIC_NO_PIC = NO;
				GCC_NO_COMMON_BLOCKS = YES;
				GCC_OPTIMIZATION_LEVEL = 0;
				GCC_PREPROCESSOR_DEFINITIONS = (
					"DEBUG=1",
					"$(inherited)",
				);
				GCC_WARN_64_TO_32_BIT_CONVERSION = YES;
				GCC_WARN_ABOUT_RETURN_TYPE = YES_ERROR;
				GCC_WARN_UNDECLARED_SELECTOR = YES;
				GCC_WARN_UNINITIALIZED_AUTOS = YES_AGGRESSIVE;
				GCC_WARN_UNUSED_FUNCTION = YES;
				GCC_WARN_UNUSED_VARIABLE = YES;
				IPHONEOS_DEPLOYMENT_TARGET = 17.0;
				LOCALIZATION_PREFERS_STRING_CATALOGS = YES;
				MTL_ENABLE_DEBUG_INFO = INCLUDE_SOURCE;
				MTL_FAST_MATH = YES;
				ONLY_ACTIVE_ARCH = YES;
				SDKROOT = iphoneos;
				SWIFT_ACTIVE_COMPILATION_CONDITIONS = "DEBUG $(inherited)";
				SWIFT_OPTIMIZATION_LEVEL = "-Onone";
			};
			name = Debug;
		};
		FE6754282ADEAC9D0079C15E /* Release */ = {
			isa = XCBuildConfiguration;
			buildSettings = {
				ALWAYS_SEARCH_USER_PATHS = NO;
				ASSETCATALOG_COMPILER_GENERATE_SWIFT_ASSET_SYMBOL_EXTENSIONS = YES;
				CLANG_ANALYZER_NONNULL = YES;
				CLANG_ANALYZER_NUMBER_OBJECT_CONVERSION = YES_AGGRESSIVE;
				CLANG_CXX_LANGUAGE_STANDARD = "gnu++20";
				CLANG_ENABLE_MODULES = YES;
				CLANG_ENABLE_OBJC_ARC = YES;
				CLANG_ENABLE_OBJC_WEAK = YES;
				CLANG_WARN_BLOCK_CAPTURE_AUTORELEASING = YES;
				CLANG_WARN_BOOL_CONVERSION = YES;
				CLANG_WARN_COMMA = YES;
				CLANG_WARN_CONSTANT_CONVERSION = YES;
				CLANG_WARN_DEPRECATED_OBJC_IMPLEMENTATIONS = YES;
				CLANG_WARN_DIRECT_OBJC_ISA_USAGE = YES_ERROR;
				CLANG_WARN_DOCUMENTATION_COMMENTS = YES;
				CLANG_WARN_EMPTY_BODY = YES;
				CLANG_WARN_ENUM_CONVERSION = YES;
				CLANG_WARN_INFINITE_RECURSION = YES;
				CLANG_WARN_INT_CONVERSION = YES;
				CLANG_WARN_NON_LITERAL_NULL_CONVERSION = YES;
				CLANG_WARN_OBJC_IMPLICIT_RETAIN_SELF = YES;
				CLANG_WARN_OBJC_LITERAL_CONVERSION = YES;
				CLANG_WARN_OBJC_ROOT_CLASS = YES_ERROR;
				CLANG_WARN_QUOTED_INCLUDE_IN_FRAMEWORK_HEADER = YES;
				CLANG_WARN_RANGE_LOOP_ANALYSIS = YES;
				CLANG_WARN_STRICT_PROTOTYPES = YES;
				CLANG_WARN_SUSPICIOUS_MOVE = YES;
				CLANG_WARN_UNGUARDED_AVAILABILITY = YES_AGGRESSIVE;
				CLANG_WARN_UNREACHABLE_CODE = YES;
				CLANG_WARN__DUPLICATE_METHOD_MATCH = YES;
				COPY_PHASE_STRIP = NO;
				DEBUG_INFORMATION_FORMAT = "dwarf-with-dsym";
				ENABLE_NS_ASSERTIONS = NO;
				ENABLE_STRICT_OBJC_MSGSEND = YES;
				ENABLE_USER_SCRIPT_SANDBOXING = YES;
				GCC_C_LANGUAGE_STANDARD = gnu17;
				GCC_NO_COMMON_BLOCKS = YES;
				GCC_WARN_64_TO_32_BIT_CONVERSION = YES;
				GCC_WARN_ABOUT_RETURN_TYPE = YES_ERROR;
				GCC_WARN_UNDECLARED_SELECTOR = YES;
				GCC_WARN_UNINITIALIZED_AUTOS = YES_AGGRESSIVE;
				GCC_WARN_UNUSED_FUNCTION = YES;
				GCC_WARN_UNUSED_VARIABLE = YES;
				IPHONEOS_DEPLOYMENT_TARGET = 17.0;
				LOCALIZATION_PREFERS_STRING_CATALOGS = YES;
				MTL_ENABLE_DEBUG_INFO = NO;
				MTL_FAST_MATH = YES;
				SDKROOT = iphoneos;
				SWIFT_COMPILATION_MODE = wholemodule;
				VALIDATE_PRODUCT = YES;
			};
			name = Release;
		};
		FE67542A2ADEAC9D0079C15E /* Debug */ = {
			isa = XCBuildConfiguration;
			buildSettings = {
				ASSETCATALOG_COMPILER_APPICON_NAME = AppIcon;
				ASSETCATALOG_COMPILER_GLOBAL_ACCENT_COLOR_NAME = AccentColor;
				CODE_SIGN_STYLE = Automatic;
				CURRENT_PROJECT_VERSION = 1;
				GENERATE_INFOPLIST_FILE = YES;
				INFOPLIST_FILE = "Table-Reservation App/Info.plist";
				INFOPLIST_KEY_UIApplicationSupportsIndirectInputEvents = YES;
				INFOPLIST_KEY_UILaunchStoryboardName = LaunchScreen;
				INFOPLIST_KEY_UISupportedInterfaceOrientations_iPad = "UIInterfaceOrientationPortrait UIInterfaceOrientationPortraitUpsideDown UIInterfaceOrientationLandscapeLeft UIInterfaceOrientationLandscapeRight";
				INFOPLIST_KEY_UISupportedInterfaceOrientations_iPhone = "UIInterfaceOrientationPortrait UIInterfaceOrientationLandscapeLeft UIInterfaceOrientationLandscapeRight";
				LD_RUNPATH_SEARCH_PATHS = (
					"$(inherited)",
					"@executable_path/Frameworks",
				);
				MARKETING_VERSION = 1.0;
				PRODUCT_BUNDLE_IDENTIFIER = "tatiana.simmer.Table-Reservation-App";
				PRODUCT_NAME = "$(TARGET_NAME)";
				SWIFT_EMIT_LOC_STRINGS = YES;
				SWIFT_VERSION = 5.0;
				TARGETED_DEVICE_FAMILY = "1,2";
			};
			name = Debug;
		};
		FE67542B2ADEAC9D0079C15E /* Release */ = {
			isa = XCBuildConfiguration;
			buildSettings = {
				ASSETCATALOG_COMPILER_APPICON_NAME = AppIcon;
				ASSETCATALOG_COMPILER_GLOBAL_ACCENT_COLOR_NAME = AccentColor;
				CODE_SIGN_STYLE = Automatic;
				CURRENT_PROJECT_VERSION = 1;
				GENERATE_INFOPLIST_FILE = YES;
				INFOPLIST_FILE = "Table-Reservation App/Info.plist";
				INFOPLIST_KEY_UIApplicationSupportsIndirectInputEvents = YES;
				INFOPLIST_KEY_UILaunchStoryboardName = LaunchScreen;
				INFOPLIST_KEY_UISupportedInterfaceOrientations_iPad = "UIInterfaceOrientationPortrait UIInterfaceOrientationPortraitUpsideDown UIInterfaceOrientationLandscapeLeft UIInterfaceOrientationLandscapeRight";
				INFOPLIST_KEY_UISupportedInterfaceOrientations_iPhone = "UIInterfaceOrientationPortrait UIInterfaceOrientationLandscapeLeft UIInterfaceOrientationLandscapeRight";
				LD_RUNPATH_SEARCH_PATHS = (
					"$(inherited)",
					"@executable_path/Frameworks",
				);
				MARKETING_VERSION = 1.0;
				PRODUCT_BUNDLE_IDENTIFIER = "tatiana.simmer.Table-Reservation-App";
				PRODUCT_NAME = "$(TARGET_NAME)";
				SWIFT_EMIT_LOC_STRINGS = YES;
				SWIFT_VERSION = 5.0;
				TARGETED_DEVICE_FAMILY = "1,2";
			};
			name = Release;
		};
/* End XCBuildConfiguration section */

/* Begin XCConfigurationList section */
		FE6754102ADEAC9C0079C15E /* Build configuration list for PBXProject "Table-Reservation App" */ = {
			isa = XCConfigurationList;
			buildConfigurations = (
				FE6754272ADEAC9D0079C15E /* Debug */,
				FE6754282ADEAC9D0079C15E /* Release */,
			);
			defaultConfigurationIsVisible = 0;
			defaultConfigurationName = Release;
		};
		FE6754292ADEAC9D0079C15E /* Build configuration list for PBXNativeTarget "Table-Reservation App" */ = {
			isa = XCConfigurationList;
			buildConfigurations = (
				FE67542A2ADEAC9D0079C15E /* Debug */,
				FE67542B2ADEAC9D0079C15E /* Release */,
			);
			defaultConfigurationIsVisible = 0;
			defaultConfigurationName = Release;
		};
/* End XCConfigurationList section */
	};
	rootObject = FE67540D2ADEAC9C0079C15E /* Project object */;
}
